{
  "name": "hexo-ruby-character-ex",
  "version": "0.1.3",
  "lockfileVersion": 1,
  "requires": true,
  "dependencies": {
    "8": {
      "version": "0.0.1",
      "resolved": "https://registry.npmjs.org/8/-/8-0.0.1.tgz",
      "integrity": "sha1-J9BJqqwyJnucc3e5Ryvy3xW1Pig="
    },
    "commander": {
      "version": "1.1.1",
      "resolved": "https://registry.npmjs.org/commander/-/commander-1.1.1.tgz",
      "integrity": "sha1-UNFlGGiuYOzP8KLZ80WVN2vGsEE=",
      "requires": {
        "keypress": "0.1.x"
      }
    },
    "keypress": {
      "version": "0.1.0",
      "resolved": "https://registry.npmjs.org/keypress/-/keypress-0.1.0.tgz",
      "integrity": "sha1-SjGI1CkbZrT2XtuZ+AaqmuKTWSo="
    },
    "pinyin": {
      "version": "2.6.2",
      "resolved": "https://registry.npmjs.org/pinyin/-/pinyin-2.6.2.tgz",
      "integrity": "sha1-K35G7rXJ3l1ve2uGvn4PFf9djIk=",
      "requires": {
        "commander": "~1.1.1",
        "nodejieba": "^1.3.0"
      },
      "dependencies": {
        "nan": {
          "version": "2.3.5",
          "resolved": "https://registry.npmjs.org/nan/-/nan-2.3.5.tgz",
          "integrity": "sha1-gioNwmYpDOTNOhIoLKPn42Rmigg=",
          "optional": true
        },
        "nodejieba": {
          "version": "1.4.11",
          "resolved": "https://registry.npmjs.org/nodejieba/-/nodejieba-1.4.11.tgz",
          "integrity": "sha1-iIYEhh83gRFJT4GoPNMJZc5166c=",
          "optional": true,
          "requires": {
            "nan": "~2.3.0"
          }
        }
      }
    }
  }
}
